
Microsoft Visual Studio Solution File, Format Version 12.00
# Visual Studio Version 17
VisualStudioVersion = 17.13.35825.156 d17.13
MinimumVisualStudioVersion = 10.0.40219.1
Project("{FAE04EC0-301F-11D3-BF4B-00C04F79EFBC}") = "ПР1", "ПР1\ПР1.csproj", "{1B3C4CAC-85DA-4D1B-AE08-70380817C485}"
EndProject
Global
	GlobalSection(SolutionConfigurationPlatforms) = preSolution
		Debug|Any CPU = Debug|Any CPU
		Release|Any CPU = Release|Any CPU
	EndGlobalSection
	GlobalSection(ProjectConfigurationPlatforms) = postSolution
		{1B3C4CAC-85DA-4D1B-AE08-70380817C485}.Debug|Any CPU.ActiveCfg = Debug|Any CPU
		{1B3C4CAC-85DA-4D1B-AE08-70380817C485}.Debug|Any CPU.Build.0 = Debug|Any CPU
		{1B3C4CAC-85DA-4D1B-AE08-70380817C485}.Release|Any CPU.ActiveCfg = Release|Any CPU
		{1B3C4CAC-85DA-4D1B-AE08-70380817C485}.Release|Any CPU.Build.0 = Release|Any CPU
	EndGlobalSection
	GlobalSection(SolutionProperties) = preSolution
		HideSolutionNode = FALSE
	EndGlobalSection
	GlobalSection(ExtensibilityGlobals) = postSolution
		SolutionGuid = {BC1BA478-005F-4F68-95E0-21CF6E8D8642}
	EndGlobalSection
EndGlobal
